
Microsoft Visual Studio Solution File, Format Version 12.00
# Visual Studio Version 17
VisualStudioVersion = 17.14.36414.22 d17.14
MinimumVisualStudioVersion = 10.0.40219.1
Project("{FAE04EC0-301F-11D3-BF4B-00C04F79EFBC}") = "sistema-locadora-veiculos", "sistema-locadora-veiculos\sistema-locadora-veiculos.csproj", "{778269CC-B06E-4A2C-8279-9ACB9F5DF5FF}"
EndProject
Global
	GlobalSection(SolutionConfigurationPlatforms) = preSolution
		Debug|Any CPU = Debug|Any CPU
		Release|Any CPU = Release|Any CPU
	EndGlobalSection
	GlobalSection(ProjectConfigurationPlatforms) = postSolution
		{778269CC-B06E-4A2C-8279-9ACB9F5DF5FF}.Debug|Any CPU.ActiveCfg = Debug|Any CPU
		{778269CC-B06E-4A2C-8279-9ACB9F5DF5FF}.Debug|Any CPU.Build.0 = Debug|Any CPU
		{778269CC-B06E-4A2C-8279-9ACB9F5DF5FF}.Release|Any CPU.ActiveCfg = Release|Any CPU
		{778269CC-B06E-4A2C-8279-9ACB9F5DF5FF}.Release|Any CPU.Build.0 = Release|Any CPU
	EndGlobalSection
	GlobalSection(SolutionProperties) = preSolution
		HideSolutionNode = FALSE
	EndGlobalSection
	GlobalSection(ExtensibilityGlobals) = postSolution
		SolutionGuid = {49936C80-28B0-42D7-8297-C82480D498E6}
	EndGlobalSection
EndGlobal
